
Microsoft Visual Studio Solution File, Format Version 12.00
# Visual Studio Version 16
VisualStudioVersion = 16.0.30611.23
MinimumVisualStudioVersion = 10.0.40219.1
Project("{FAE04EC0-301F-11D3-BF4B-00C04F79EFBC}") = "EriAssignment3", "EriAssignment3.csproj", "{47F6A183-191A-4EFA-A0CF-91E73BB3C3E9}"
EndProject
Global
	GlobalSection(SolutionConfigurationPlatforms) = preSolution
		Debug|Any CPU = Debug|Any CPU
		Release|Any CPU = Release|Any CPU
	EndGlobalSection
	GlobalSection(ProjectConfigurationPlatforms) = postSolution
		{47F6A183-191A-4EFA-A0CF-91E73BB3C3E9}.Debug|Any CPU.ActiveCfg = Debug|Any CPU
		{47F6A183-191A-4EFA-A0CF-91E73BB3C3E9}.Debug|Any CPU.Build.0 = Debug|Any CPU
		{47F6A183-191A-4EFA-A0CF-91E73BB3C3E9}.Release|Any CPU.ActiveCfg = Release|Any CPU
		{47F6A183-191A-4EFA-A0CF-91E73BB3C3E9}.Release|Any CPU.Build.0 = Release|Any CPU
	EndGlobalSection
	GlobalSection(SolutionProperties) = preSolution
		HideSolutionNode = FALSE
	EndGlobalSection
	GlobalSection(ExtensibilityGlobals) = postSolution
		SolutionGuid = {807A3D6E-06A5-4D5C-8E14-A248AD56F37F}
	EndGlobalSection
EndGlobal
